
Microsoft Visual Studio Solution File, Format Version 12.00
# Visual Studio Version 16
VisualStudioVersion = 16.0.29911.84
MinimumVisualStudioVersion = 10.0.40219.1
Project("{9A19103F-16F7-4668-BE54-9A1E7A4F7556}") = "MinMe", "src\MinMe\MinMe.csproj", "{546ADF3D-76B3-4A50-B346-F1508D0B9E84}"
EndProject
Project("{9A19103F-16F7-4668-BE54-9A1E7A4F7556}") = "MinMe.Avalonia", "src\MinMe.Avalonia\MinMe.Avalonia.csproj", "{7FA7E65E-A389-48D5-AFC3-40966C841C66}"
EndProject
Project("{2150E333-8FDC-42A3-9474-1A3956D46DE8}") = "Solution Items", "Solution Items", "{A25C73EA-271D-4998-9E47-945A2399BC69}"
	ProjectSection(SolutionItems) = preProject
		build.fsx = build.fsx
		global.json = global.json
		paket.dependencies = paket.dependencies
		paket.lock = paket.lock
	EndProjectSection
EndProject
Project("{9A19103F-16F7-4668-BE54-9A1E7A4F7556}") = "MinMe.Tests", "tests\MinMe.Tests\MinMe.Tests.csproj", "{BAA224C6-959D-4AC1-9102-2130B931B527}"
EndProject
Project("{FAE04EC0-301F-11D3-BF4B-00C04F79EFBC}") = "MinMe.WebAssembly", "src\MinMe.WebAssembly\MinMe.WebAssembly.csproj", "{444E8437-D3E4-4991-8928-768EDD06A99B}"
EndProject
Global
	GlobalSection(SolutionConfigurationPlatforms) = preSolution
		Ad-Hoc|Any CPU = Ad-Hoc|Any CPU
		Ad-Hoc|ARM = Ad-Hoc|ARM
		Ad-Hoc|iPhone = Ad-Hoc|iPhone
		Ad-Hoc|iPhoneSimulator = Ad-Hoc|iPhoneSimulator
		Ad-Hoc|x64 = Ad-Hoc|x64
		Ad-Hoc|x86 = Ad-Hoc|x86
		AppStore|Any CPU = AppStore|Any CPU
		AppStore|ARM = AppStore|ARM
		AppStore|iPhone = AppStore|iPhone
		AppStore|iPhoneSimulator = AppStore|iPhoneSimulator
		AppStore|x64 = AppStore|x64
		AppStore|x86 = AppStore|x86
		Debug|Any CPU = Debug|Any CPU
		Debug|ARM = Debug|ARM
		Debug|iPhone = Debug|iPhone
		Debug|iPhoneSimulator = Debug|iPhoneSimulator
		Debug|x64 = Debug|x64
		Debug|x86 = Debug|x86
		Release|Any CPU = Release|Any CPU
		Release|ARM = Release|ARM
		Release|iPhone = Release|iPhone
		Release|iPhoneSimulator = Release|iPhoneSimulator
		Release|x64 = Release|x64
		Release|x86 = Release|x86
	EndGlobalSection
	GlobalSection(ProjectConfigurationPlatforms) = postSolution
		{546ADF3D-76B3-4A50-B346-F1508D0B9E84}.Ad-Hoc|Any CPU.ActiveCfg = Release|Any CPU
		{546ADF3D-76B3-4A50-B346-F1508D0B9E84}.Ad-Hoc|Any CPU.Build.0 = Release|Any CPU
		{546ADF3D-76B3-4A50-B346-F1508D0B9E84}.Ad-Hoc|ARM.ActiveCfg = Release|Any CPU
		{546ADF3D-76B3-4A50-B346-F1508D0B9E84}.Ad-Hoc|ARM.Build.0 = Release|Any CPU
		{546ADF3D-76B3-4A50-B346-F1508D0B9E84}.Ad-Hoc|iPhone.ActiveCfg = Release|Any CPU
		{546ADF3D-76B3-4A50-B346-F1508D0B9E84}.Ad-Hoc|iPhone.Build.0 = Release|Any CPU
		{546ADF3D-76B3-4A50-B346-F1508D0B9E84}.Ad-Hoc|iPhoneSimulator.ActiveCfg = Release|Any CPU
		{546ADF3D-76B3-4A50-B346-F1508D0B9E84}.Ad-Hoc|iPhoneSimulator.Build.0 = Release|Any CPU
		{546ADF3D-76B3-4A50-B346-F1508D0B9E84}.Ad-Hoc|x64.ActiveCfg = Release|Any CPU
		{546ADF3D-76B3-4A50-B346-F1508D0B9E84}.Ad-Hoc|x64.Build.0 = Release|Any CPU
		{546ADF3D-76B3-4A50-B346-F1508D0B9E84}.Ad-Hoc|x86.ActiveCfg = Release|Any CPU
		{546ADF3D-76B3-4A50-B346-F1508D0B9E84}.Ad-Hoc|x86.Build.0 = Release|Any CPU
		{546ADF3D-76B3-4A50-B346-F1508D0B9E84}.AppStore|Any CPU.ActiveCfg = Release|Any CPU
		{546ADF3D-76B3-4A50-B346-F1508D0B9E84}.AppStore|Any CPU.Build.0 = Release|Any CPU
		{546ADF3D-76B3-4A50-B346-F1508D0B9E84}.AppStore|ARM.ActiveCfg = Release|Any CPU
		{546ADF3D-76B3-4A50-B346-F1508D0B9E84}.AppStore|ARM.Build.0 = Release|Any CPU
		{546ADF3D-76B3-4A50-B346-F1508D0B9E84}.AppStore|iPhone.ActiveCfg = Release|Any CPU
		{546ADF3D-76B3-4A50-B346-F1508D0B9E84}.AppStore|iPhone.Build.0 = Release|Any CPU
		{546ADF3D-76B3-4A50-B346-F1508D0B9E84}.AppStore|iPhoneSimulator.ActiveCfg = Release|Any CPU
		{546ADF3D-76B3-4A50-B346-F1508D0B9E84}.AppStore|iPhoneSimulator.Build.0 = Release|Any CPU
		{546ADF3D-76B3-4A50-B346-F1508D0B9E84}.AppStore|x64.ActiveCfg = Release|Any CPU
		{546ADF3D-76B3-4A50-B346-F1508D0B9E84}.AppStore|x64.Build.0 = Release|Any CPU
		{546ADF3D-76B3-4A50-B346-F1508D0B9E84}.AppStore|x86.ActiveCfg = Release|Any CPU
		{546ADF3D-76B3-4A50-B346-F1508D0B9E84}.AppStore|x86.Build.0 = Release|Any CPU
		{546ADF3D-76B3-4A50-B346-F1508D0B9E84}.Debug|Any CPU.ActiveCfg = Debug|Any CPU
		{546ADF3D-76B3-4A50-B346-F1508D0B9E84}.Debug|Any CPU.Build.0 = Debug|Any CPU
		{546ADF3D-76B3-4A50-B346-F1508D0B9E84}.Debug|ARM.ActiveCfg = Debug|Any CPU
		{546ADF3D-76B3-4A50-B346-F1508D0B9E84}.Debug|ARM.Build.0 = Debug|Any CPU
		{546ADF3D-76B3-4A50-B346-F1508D0B9E84}.Debug|iPhone.ActiveCfg = Debug|Any CPU
		{546ADF3D-76B3-4A50-B346-F1508D0B9E84}.Debug|iPhone.Build.0 = Debug|Any CPU
		{546ADF3D-76B3-4A50-B346-F1508D0B9E84}.Debug|iPhoneSimulator.ActiveCfg = Debug|Any CPU
		{546ADF3D-76B3-4A50-B346-F1508D0B9E84}.Debug|iPhoneSimulator.Build.0 = Debug|Any CPU
		{546ADF3D-76B3-4A50-B346-F1508D0B9E84}.Debug|x64.ActiveCfg = Debug|Any CPU
		{546ADF3D-76B3-4A50-B346-F1508D0B9E84}.Debug|x64.Build.0 = Debug|Any CPU
		{546ADF3D-76B3-4A50-B346-F1508D0B9E84}.Debug|x86.ActiveCfg = Debug|Any CPU
		{546ADF3D-76B3-4A50-B346-F1508D0B9E84}.Debug|x86.Build.0 = Debug|Any CPU
		{546ADF3D-76B3-4A50-B346-F1508D0B9E84}.Release|Any CPU.ActiveCfg = Release|Any CPU
		{546ADF3D-76B3-4A50-B346-F1508D0B9E84}.Release|Any CPU.Build.0 = Release|Any CPU
		{546ADF3D-76B3-4A50-B346-F1508D0B9E84}.Release|ARM.ActiveCfg = Release|Any CPU
		{546ADF3D-76B3-4A50-B346-F1508D0B9E84}.Release|ARM.Build.0 = Release|Any CPU
		{546ADF3D-76B3-4A50-B346-F1508D0B9E84}.Release|iPhone.ActiveCfg = Release|Any CPU
		{546ADF3D-76B3-4A50-B346-F1508D0B9E84}.Release|iPhone.Build.0 = Release|Any CPU
		{546ADF3D-76B3-4A50-B346-F1508D0B9E84}.Release|iPhoneSimulator.ActiveCfg = Release|Any CPU
		{546ADF3D-76B3-4A50-B346-F1508D0B9E84}.Release|iPhoneSimulator.Build.0 = Release|Any CPU
		{546ADF3D-76B3-4A50-B346-F1508D0B9E84}.Release|x64.ActiveCfg = Release|Any CPU
		{546ADF3D-76B3-4A50-B346-F1508D0B9E84}.Release|x64.Build.0 = Release|Any CPU
		{546ADF3D-76B3-4A50-B346-F1508D0B9E84}.Release|x86.ActiveCfg = Release|Any CPU
		{546ADF3D-76B3-4A50-B346-F1508D0B9E84}.Release|x86.Build.0 = Release|Any CPU
		{7FA7E65E-A389-48D5-AFC3-40966C841C66}.Ad-Hoc|Any CPU.ActiveCfg = Release|Any CPU
		{7FA7E65E-A389-48D5-AFC3-40966C841C66}.Ad-Hoc|Any CPU.Build.0 = Release|Any CPU
		{7FA7E65E-A389-48D5-AFC3-40966C841C66}.Ad-Hoc|ARM.ActiveCfg = Release|Any CPU
		{7FA7E65E-A389-48D5-AFC3-40966C841C66}.Ad-Hoc|ARM.Build.0 = Release|Any CPU
		{7FA7E65E-A389-48D5-AFC3-40966C841C66}.Ad-Hoc|iPhone.ActiveCfg = Release|Any CPU
		{7FA7E65E-A389-48D5-AFC3-40966C841C66}.Ad-Hoc|iPhone.Build.0 = Release|Any CPU
		{7FA7E65E-A389-48D5-AFC3-40966C841C66}.Ad-Hoc|iPhoneSimulator.ActiveCfg = Release|Any CPU
		{7FA7E65E-A389-48D5-AFC3-40966C841C66}.Ad-Hoc|iPhoneSimulator.Build.0 = Release|Any CPU
		{7FA7E65E-A389-48D5-AFC3-40966C841C66}.Ad-Hoc|x64.ActiveCfg = Release|Any CPU
		{7FA7E65E-A389-48D5-AFC3-40966C841C66}.Ad-Hoc|x64.Build.0 = Release|Any CPU
		{7FA7E65E-A389-48D5-AFC3-40966C841C66}.Ad-Hoc|x86.ActiveCfg = Release|Any CPU
		{7FA7E65E-A389-48D5-AFC3-40966C841C66}.Ad-Hoc|x86.Build.0 = Release|Any CPU
		{7FA7E65E-A389-48D5-AFC3-40966C841C66}.AppStore|Any CPU.ActiveCfg = Release|Any CPU
		{7FA7E65E-A389-48D5-AFC3-40966C841C66}.AppStore|Any CPU.Build.0 = Release|Any CPU
		{7FA7E65E-A389-48D5-AFC3-40966C841C66}.AppStore|ARM.ActiveCfg = Release|Any CPU
		{7FA7E65E-A389-48D5-AFC3-40966C841C66}.AppStore|ARM.Build.0 = Release|Any CPU
		{7FA7E65E-A389-48D5-AFC3-40966C841C66}.AppStore|iPhone.ActiveCfg = Release|Any CPU
		{7FA7E65E-A389-48D5-AFC3-40966C841C66}.AppStore|iPhone.Build.0 = Release|Any CPU
		{7FA7E65E-A389-48D5-AFC3-40966C841C66}.AppStore|iPhoneSimulator.ActiveCfg = Release|Any CPU
		{7FA7E65E-A389-48D5-AFC3-40966C841C66}.AppStore|iPhoneSimulator.Build.0 = Release|Any CPU
		{7FA7E65E-A389-48D5-AFC3-40966C841C66}.AppStore|x64.ActiveCfg = Release|Any CPU
		{7FA7E65E-A389-48D5-AFC3-40966C841C66}.AppStore|x64.Build.0 = Release|Any CPU
		{7FA7E65E-A389-48D5-AFC3-40966C841C66}.AppStore|x86.ActiveCfg = Release|Any CPU
		{7FA7E65E-A389-48D5-AFC3-40966C841C66}.AppStore|x86.Build.0 = Release|Any CPU
		{7FA7E65E-A389-48D5-AFC3-40966C841C66}.Debug|Any CPU.ActiveCfg = Debug|Any CPU
		{7FA7E65E-A389-48D5-AFC3-40966C841C66}.Debug|Any CPU.Build.0 = Debug|Any CPU
		{7FA7E65E-A389-48D5-AFC3-40966C841C66}.Debug|ARM.ActiveCfg = Debug|Any CPU
		{7FA7E65E-A389-48D5-AFC3-40966C841C66}.Debug|ARM.Build.0 = Debug|Any CPU
		{7FA7E65E-A389-48D5-AFC3-40966C841C66}.Debug|iPhone.ActiveCfg = Debug|Any CPU
		{7FA7E65E-A389-48D5-AFC3-40966C841C66}.Debug|iPhone.Build.0 = Debug|Any CPU
		{7FA7E65E-A389-48D5-AFC3-40966C841C66}.Debug|iPhoneSimulator.ActiveCfg = Debug|Any CPU
		{7FA7E65E-A389-48D5-AFC3-40966C841C66}.Debug|iPhoneSimulator.Build.0 = Debug|Any CPU
		{7FA7E65E-A389-48D5-AFC3-40966C841C66}.Debug|x64.ActiveCfg = Debug|Any CPU
		{7FA7E65E-A389-48D5-AFC3-40966C841C66}.Debug|x64.Build.0 = Debug|Any CPU
		{7FA7E65E-A389-48D5-AFC3-40966C841C66}.Debug|x86.ActiveCfg = Debug|Any CPU
		{7FA7E65E-A389-48D5-AFC3-40966C841C66}.Debug|x86.Build.0 = Debug|Any CPU
		{7FA7E65E-A389-48D5-AFC3-40966C841C66}.Release|Any CPU.ActiveCfg = Release|Any CPU
		{7FA7E65E-A389-48D5-AFC3-40966C841C66}.Release|Any CPU.Build.0 = Release|Any CPU
		{7FA7E65E-A389-48D5-AFC3-40966C841C66}.Release|ARM.ActiveCfg = Release|Any CPU
		{7FA7E65E-A389-48D5-AFC3-40966C841C66}.Release|ARM.Build.0 = Release|Any CPU
		{7FA7E65E-A389-48D5-AFC3-40966C841C66}.Release|iPhone.ActiveCfg = Release|Any CPU
		{7FA7E65E-A389-48D5-AFC3-40966C841C66}.Release|iPhone.Build.0 = Release|Any CPU
		{7FA7E65E-A389-48D5-AFC3-40966C841C66}.Release|iPhoneSimulator.ActiveCfg = Release|Any CPU
		{7FA7E65E-A389-48D5-AFC3-40966C841C66}.Release|iPhoneSimulator.Build.0 = Release|Any CPU
		{7FA7E65E-A389-48D5-AFC3-40966C841C66}.Release|x64.ActiveCfg = Release|Any CPU
		{7FA7E65E-A389-48D5-AFC3-40966C841C66}.Release|x64.Build.0 = Release|Any CPU
		{7FA7E65E-A389-48D5-AFC3-40966C841C66}.Release|x86.ActiveCfg = Release|Any CPU
		{7FA7E65E-A389-48D5-AFC3-40966C841C66}.Release|x86.Build.0 = Release|Any CPU
		{BAA224C6-959D-4AC1-9102-2130B931B527}.Ad-Hoc|Any CPU.ActiveCfg = Debug|Any CPU
		{BAA224C6-959D-4AC1-9102-2130B931B527}.Ad-Hoc|Any CPU.Build.0 = Debug|Any CPU
		{BAA224C6-959D-4AC1-9102-2130B931B527}.Ad-Hoc|ARM.ActiveCfg = Debug|Any CPU
		{BAA224C6-959D-4AC1-9102-2130B931B527}.Ad-Hoc|ARM.Build.0 = Debug|Any CPU
		{BAA224C6-959D-4AC1-9102-2130B931B527}.Ad-Hoc|iPhone.ActiveCfg = Debug|Any CPU
		{BAA224C6-959D-4AC1-9102-2130B931B527}.Ad-Hoc|iPhone.Build.0 = Debug|Any CPU
		{BAA224C6-959D-4AC1-9102-2130B931B527}.Ad-Hoc|iPhoneSimulator.ActiveCfg = Debug|Any CPU
		{BAA224C6-959D-4AC1-9102-2130B931B527}.Ad-Hoc|iPhoneSimulator.Build.0 = Debug|Any CPU
		{BAA224C6-959D-4AC1-9102-2130B931B527}.Ad-Hoc|x64.ActiveCfg = Debug|Any CPU
		{BAA224C6-959D-4AC1-9102-2130B931B527}.Ad-Hoc|x64.Build.0 = Debug|Any CPU
		{BAA224C6-959D-4AC1-9102-2130B931B527}.Ad-Hoc|x86.ActiveCfg = Debug|Any CPU
		{BAA224C6-959D-4AC1-9102-2130B931B527}.Ad-Hoc|x86.Build.0 = Debug|Any CPU
		{BAA224C6-959D-4AC1-9102-2130B931B527}.AppStore|Any CPU.ActiveCfg = Debug|Any CPU
		{BAA224C6-959D-4AC1-9102-2130B931B527}.AppStore|Any CPU.Build.0 = Debug|Any CPU
		{BAA224C6-959D-4AC1-9102-2130B931B527}.AppStore|ARM.ActiveCfg = Debug|Any CPU
		{BAA224C6-959D-4AC1-9102-2130B931B527}.AppStore|ARM.Build.0 = Debug|Any CPU
		{BAA224C6-959D-4AC1-9102-2130B931B527}.AppStore|iPhone.ActiveCfg = Debug|Any CPU
		{BAA224C6-959D-4AC1-9102-2130B931B527}.AppStore|iPhone.Build.0 = Debug|Any CPU
		{BAA224C6-959D-4AC1-9102-2130B931B527}.AppStore|iPhoneSimulator.ActiveCfg = Debug|Any CPU
		{BAA224C6-959D-4AC1-9102-2130B931B527}.AppStore|iPhoneSimulator.Build.0 = Debug|Any CPU
		{BAA224C6-959D-4AC1-9102-2130B931B527}.AppStore|x64.ActiveCfg = Debug|Any CPU
		{BAA224C6-959D-4AC1-9102-2130B931B527}.AppStore|x64.Build.0 = Debug|Any CPU
		{BAA224C6-959D-4AC1-9102-2130B931B527}.AppStore|x86.ActiveCfg = Debug|Any CPU
		{BAA224C6-959D-4AC1-9102-2130B931B527}.AppStore|x86.Build.0 = Debug|Any CPU
		{BAA224C6-959D-4AC1-9102-2130B931B527}.Debug|Any CPU.ActiveCfg = Debug|Any CPU
		{BAA224C6-959D-4AC1-9102-2130B931B527}.Debug|Any CPU.Build.0 = Debug|Any CPU
		{BAA224C6-959D-4AC1-9102-2130B931B527}.Debug|ARM.ActiveCfg = Debug|Any CPU
		{BAA224C6-959D-4AC1-9102-2130B931B527}.Debug|ARM.Build.0 = Debug|Any CPU
		{BAA224C6-959D-4AC1-9102-2130B931B527}.Debug|iPhone.ActiveCfg = Debug|Any CPU
		{BAA224C6-959D-4AC1-9102-2130B931B527}.Debug|iPhone.Build.0 = Debug|Any CPU
		{BAA224C6-959D-4AC1-9102-2130B931B527}.Debug|iPhoneSimulator.ActiveCfg = Debug|Any CPU
		{BAA224C6-959D-4AC1-9102-2130B931B527}.Debug|iPhoneSimulator.Build.0 = Debug|Any CPU
		{BAA224C6-959D-4AC1-9102-2130B931B527}.Debug|x64.ActiveCfg = Debug|Any CPU
		{BAA224C6-959D-4AC1-9102-2130B931B527}.Debug|x64.Build.0 = Debug|Any CPU
		{BAA224C6-959D-4AC1-9102-2130B931B527}.Debug|x86.ActiveCfg = Debug|Any CPU
		{BAA224C6-959D-4AC1-9102-2130B931B527}.Debug|x86.Build.0 = Debug|Any CPU
		{BAA224C6-959D-4AC1-9102-2130B931B527}.Release|Any CPU.ActiveCfg = Release|Any CPU
		{BAA224C6-959D-4AC1-9102-2130B931B527}.Release|Any CPU.Build.0 = Release|Any CPU
		{BAA224C6-959D-4AC1-9102-2130B931B527}.Release|ARM.ActiveCfg = Release|Any CPU
		{BAA224C6-959D-4AC1-9102-2130B931B527}.Release|ARM.Build.0 = Release|Any CPU
		{BAA224C6-959D-4AC1-9102-2130B931B527}.Release|iPhone.ActiveCfg = Release|Any CPU
		{BAA224C6-959D-4AC1-9102-2130B931B527}.Release|iPhone.Build.0 = Release|Any CPU
		{BAA224C6-959D-4AC1-9102-2130B931B527}.Release|iPhoneSimulator.ActiveCfg = Release|Any CPU
		{BAA224C6-959D-4AC1-9102-2130B931B527}.Release|iPhoneSimulator.Build.0 = Release|Any CPU
		{BAA224C6-959D-4AC1-9102-2130B931B527}.Release|x64.ActiveCfg = Release|Any CPU
		{BAA224C6-959D-4AC1-9102-2130B931B527}.Release|x64.Build.0 = Release|Any CPU
		{BAA224C6-959D-4AC1-9102-2130B931B527}.Release|x86.ActiveCfg = Release|Any CPU
		{BAA224C6-959D-4AC1-9102-2130B931B527}.Release|x86.Build.0 = Release|Any CPU
		{444E8437-D3E4-4991-8928-768EDD06A99B}.Ad-Hoc|Any CPU.ActiveCfg = Debug|Any CPU
		{444E8437-D3E4-4991-8928-768EDD06A99B}.Ad-Hoc|Any CPU.Build.0 = Debug|Any CPU
		{444E8437-D3E4-4991-8928-768EDD06A99B}.Ad-Hoc|ARM.ActiveCfg = Debug|Any CPU
		{444E8437-D3E4-4991-8928-768EDD06A99B}.Ad-Hoc|ARM.Build.0 = Debug|Any CPU
		{444E8437-D3E4-4991-8928-768EDD06A99B}.Ad-Hoc|iPhone.ActiveCfg = Debug|Any CPU
		{444E8437-D3E4-4991-8928-768EDD06A99B}.Ad-Hoc|iPhone.Build.0 = Debug|Any CPU
		{444E8437-D3E4-4991-8928-768EDD06A99B}.Ad-Hoc|iPhoneSimulator.ActiveCfg = Debug|Any CPU
		{444E8437-D3E4-4991-8928-768EDD06A99B}.Ad-Hoc|iPhoneSimulator.Build.0 = Debug|Any CPU
		{444E8437-D3E4-4991-8928-768EDD06A99B}.Ad-Hoc|x64.ActiveCfg = Debug|Any CPU
		{444E8437-D3E4-4991-8928-768EDD06A99B}.Ad-Hoc|x64.Build.0 = Debug|Any CPU
		{444E8437-D3E4-4991-8928-768EDD06A99B}.Ad-Hoc|x86.ActiveCfg = Debug|Any CPU
		{444E8437-D3E4-4991-8928-768EDD06A99B}.Ad-Hoc|x86.Build.0 = Debug|Any CPU
		{444E8437-D3E4-4991-8928-768EDD06A99B}.AppStore|Any CPU.ActiveCfg = Debug|Any CPU
		{444E8437-D3E4-4991-8928-768EDD06A99B}.AppStore|Any CPU.Build.0 = Debug|Any CPU
		{444E8437-D3E4-4991-8928-768EDD06A99B}.AppStore|ARM.ActiveCfg = Debug|Any CPU
		{444E8437-D3E4-4991-8928-768EDD06A99B}.AppStore|ARM.Build.0 = Debug|Any CPU
		{444E8437-D3E4-4991-8928-768EDD06A99B}.AppStore|iPhone.ActiveCfg = Debug|Any CPU
		{444E8437-D3E4-4991-8928-768EDD06A99B}.AppStore|iPhone.Build.0 = Debug|Any CPU
		{444E8437-D3E4-4991-8928-768EDD06A99B}.AppStore|iPhoneSimulator.ActiveCfg = Debug|Any CPU
		{444E8437-D3E4-4991-8928-768EDD06A99B}.AppStore|iPhoneSimulator.Build.0 = Debug|Any CPU
		{444E8437-D3E4-4991-8928-768EDD06A99B}.AppStore|x64.ActiveCfg = Debug|Any CPU
		{444E8437-D3E4-4991-8928-768EDD06A99B}.AppStore|x64.Build.0 = Debug|Any CPU
		{444E8437-D3E4-4991-8928-768EDD06A99B}.AppStore|x86.ActiveCfg = Debug|Any CPU
		{444E8437-D3E4-4991-8928-768EDD06A99B}.AppStore|x86.Build.0 = Debug|Any CPU
		{444E8437-D3E4-4991-8928-768EDD06A99B}.Debug|Any CPU.ActiveCfg = Debug|Any CPU
		{444E8437-D3E4-4991-8928-768EDD06A99B}.Debug|Any CPU.Build.0 = Debug|Any CPU
		{444E8437-D3E4-4991-8928-768EDD06A99B}.Debug|ARM.ActiveCfg = Debug|Any CPU
		{444E8437-D3E4-4991-8928-768EDD06A99B}.Debug|ARM.Build.0 = Debug|Any CPU
		{444E8437-D3E4-4991-8928-768EDD06A99B}.Debug|iPhone.ActiveCfg = Debug|Any CPU
		{444E8437-D3E4-4991-8928-768EDD06A99B}.Debug|iPhone.Build.0 = Debug|Any CPU
		{444E8437-D3E4-4991-8928-768EDD06A99B}.Debug|iPhoneSimulator.ActiveCfg = Debug|Any CPU
		{444E8437-D3E4-4991-8928-768EDD06A99B}.Debug|iPhoneSimulator.Build.0 = Debug|Any CPU
		{444E8437-D3E4-4991-8928-768EDD06A99B}.Debug|x64.ActiveCfg = Debug|Any CPU
		{444E8437-D3E4-4991-8928-768EDD06A99B}.Debug|x64.Build.0 = Debug|Any CPU
		{444E8437-D3E4-4991-8928-768EDD06A99B}.Debug|x86.ActiveCfg = Debug|Any CPU
		{444E8437-D3E4-4991-8928-768EDD06A99B}.Debug|x86.Build.0 = Debug|Any CPU
		{444E8437-D3E4-4991-8928-768EDD06A99B}.Release|Any CPU.ActiveCfg = Release|Any CPU
		{444E8437-D3E4-4991-8928-768EDD06A99B}.Release|Any CPU.Build.0 = Release|Any CPU
		{444E8437-D3E4-4991-8928-768EDD06A99B}.Release|ARM.ActiveCfg = Release|Any CPU
		{444E8437-D3E4-4991-8928-768EDD06A99B}.Release|ARM.Build.0 = Release|Any CPU
		{444E8437-D3E4-4991-8928-768EDD06A99B}.Release|iPhone.ActiveCfg = Release|Any CPU
		{444E8437-D3E4-4991-8928-768EDD06A99B}.Release|iPhone.Build.0 = Release|Any CPU
		{444E8437-D3E4-4991-8928-768EDD06A99B}.Release|iPhoneSimulator.ActiveCfg = Release|Any CPU
		{444E8437-D3E4-4991-8928-768EDD06A99B}.Release|iPhoneSimulator.Build.0 = Release|Any CPU
		{444E8437-D3E4-4991-8928-768EDD06A99B}.Release|x64.ActiveCfg = Release|Any CPU
		{444E8437-D3E4-4991-8928-768EDD06A99B}.Release|x64.Build.0 = Release|Any CPU
		{444E8437-D3E4-4991-8928-768EDD06A99B}.Release|x86.ActiveCfg = Release|Any CPU
		{444E8437-D3E4-4991-8928-768EDD06A99B}.Release|x86.Build.0 = Release|Any CPU
	EndGlobalSection
	GlobalSection(SolutionProperties) = preSolution
		HideSolutionNode = FALSE
	EndGlobalSection
	GlobalSection(ExtensibilityGlobals) = postSolution
		SolutionGuid = {F6D05029-56B8-4E45-AF2D-0E76295DDBA2}
	EndGlobalSection
EndGlobal
