
Microsoft Visual Studio Solution File, Format Version 12.00
# Visual Studio 15
VisualStudioVersion = 15.0.26730.10
MinimumVisualStudioVersion = 10.0.40219.1
Project("{F2A71F9B-5D33-465A-A702-920D77279786}") = "MinMe", "src\MinMe\MinMe.fsproj", "{AA6C15E1-74DD-463F-9ECD-90372D2C80AB}"
EndProject
Project("{F2A71F9B-5D33-465A-A702-920D77279786}") = "MinMe.macOS", "src\MinMe.macOS\MinMe.macOS.fsproj", "{DE19AC1B-3FF0-4AF6-B24D-A3868454ECC4}"
EndProject
Project("{2150E333-8FDC-42A3-9474-1A3956D46DE8}") = "src", "src", "{40AF0CB3-7BB3-44A3-BFC6-8535CC8E71C0}"
EndProject
Project("{2150E333-8FDC-42A3-9474-1A3956D46DE8}") = "tests", "tests", "{8734050A-EAD5-46C0-B36C-FDC7C65B7BE2}"
EndProject
Global
	GlobalSection(SolutionConfigurationPlatforms) = preSolution
		Ad-Hoc|Any CPU = Ad-Hoc|Any CPU
		Ad-Hoc|ARM = Ad-Hoc|ARM
		Ad-Hoc|iPhone = Ad-Hoc|iPhone
		Ad-Hoc|iPhoneSimulator = Ad-Hoc|iPhoneSimulator
		Ad-Hoc|x64 = Ad-Hoc|x64
		Ad-Hoc|x86 = Ad-Hoc|x86
		AppStore|Any CPU = AppStore|Any CPU
		AppStore|ARM = AppStore|ARM
		AppStore|iPhone = AppStore|iPhone
		AppStore|iPhoneSimulator = AppStore|iPhoneSimulator
		AppStore|x64 = AppStore|x64
		AppStore|x86 = AppStore|x86
		Debug|Any CPU = Debug|Any CPU
		Debug|ARM = Debug|ARM
		Debug|iPhone = Debug|iPhone
		Debug|iPhoneSimulator = Debug|iPhoneSimulator
		Debug|x64 = Debug|x64
		Debug|x86 = Debug|x86
		Release|Any CPU = Release|Any CPU
		Release|ARM = Release|ARM
		Release|iPhone = Release|iPhone
		Release|iPhoneSimulator = Release|iPhoneSimulator
		Release|x64 = Release|x64
		Release|x86 = Release|x86
	EndGlobalSection
	GlobalSection(ProjectConfigurationPlatforms) = postSolution
		{AA6C15E1-74DD-463F-9ECD-90372D2C80AB}.Ad-Hoc|Any CPU.ActiveCfg = Debug|Any CPU
		{AA6C15E1-74DD-463F-9ECD-90372D2C80AB}.Ad-Hoc|Any CPU.Build.0 = Debug|Any CPU
		{AA6C15E1-74DD-463F-9ECD-90372D2C80AB}.Ad-Hoc|ARM.ActiveCfg = Debug|Any CPU
		{AA6C15E1-74DD-463F-9ECD-90372D2C80AB}.Ad-Hoc|ARM.Build.0 = Debug|Any CPU
		{AA6C15E1-74DD-463F-9ECD-90372D2C80AB}.Ad-Hoc|iPhone.ActiveCfg = Debug|Any CPU
		{AA6C15E1-74DD-463F-9ECD-90372D2C80AB}.Ad-Hoc|iPhone.Build.0 = Debug|Any CPU
		{AA6C15E1-74DD-463F-9ECD-90372D2C80AB}.Ad-Hoc|iPhoneSimulator.ActiveCfg = Debug|Any CPU
		{AA6C15E1-74DD-463F-9ECD-90372D2C80AB}.Ad-Hoc|iPhoneSimulator.Build.0 = Debug|Any CPU
		{AA6C15E1-74DD-463F-9ECD-90372D2C80AB}.Ad-Hoc|x64.ActiveCfg = Debug|Any CPU
		{AA6C15E1-74DD-463F-9ECD-90372D2C80AB}.Ad-Hoc|x64.Build.0 = Debug|Any CPU
		{AA6C15E1-74DD-463F-9ECD-90372D2C80AB}.Ad-Hoc|x86.ActiveCfg = Debug|Any CPU
		{AA6C15E1-74DD-463F-9ECD-90372D2C80AB}.Ad-Hoc|x86.Build.0 = Debug|Any CPU
		{AA6C15E1-74DD-463F-9ECD-90372D2C80AB}.AppStore|Any CPU.ActiveCfg = Debug|Any CPU
		{AA6C15E1-74DD-463F-9ECD-90372D2C80AB}.AppStore|Any CPU.Build.0 = Debug|Any CPU
		{AA6C15E1-74DD-463F-9ECD-90372D2C80AB}.AppStore|ARM.ActiveCfg = Debug|Any CPU
		{AA6C15E1-74DD-463F-9ECD-90372D2C80AB}.AppStore|ARM.Build.0 = Debug|Any CPU
		{AA6C15E1-74DD-463F-9ECD-90372D2C80AB}.AppStore|iPhone.ActiveCfg = Debug|Any CPU
		{AA6C15E1-74DD-463F-9ECD-90372D2C80AB}.AppStore|iPhone.Build.0 = Debug|Any CPU
		{AA6C15E1-74DD-463F-9ECD-90372D2C80AB}.AppStore|iPhoneSimulator.ActiveCfg = Debug|Any CPU
		{AA6C15E1-74DD-463F-9ECD-90372D2C80AB}.AppStore|iPhoneSimulator.Build.0 = Debug|Any CPU
		{AA6C15E1-74DD-463F-9ECD-90372D2C80AB}.AppStore|x64.ActiveCfg = Debug|Any CPU
		{AA6C15E1-74DD-463F-9ECD-90372D2C80AB}.AppStore|x64.Build.0 = Debug|Any CPU
		{AA6C15E1-74DD-463F-9ECD-90372D2C80AB}.AppStore|x86.ActiveCfg = Debug|Any CPU
		{AA6C15E1-74DD-463F-9ECD-90372D2C80AB}.AppStore|x86.Build.0 = Debug|Any CPU
		{AA6C15E1-74DD-463F-9ECD-90372D2C80AB}.Debug|Any CPU.ActiveCfg = Debug|Any CPU
		{AA6C15E1-74DD-463F-9ECD-90372D2C80AB}.Debug|Any CPU.Build.0 = Debug|Any CPU
		{AA6C15E1-74DD-463F-9ECD-90372D2C80AB}.Debug|ARM.ActiveCfg = Debug|Any CPU
		{AA6C15E1-74DD-463F-9ECD-90372D2C80AB}.Debug|ARM.Build.0 = Debug|Any CPU
		{AA6C15E1-74DD-463F-9ECD-90372D2C80AB}.Debug|iPhone.ActiveCfg = Debug|Any CPU
		{AA6C15E1-74DD-463F-9ECD-90372D2C80AB}.Debug|iPhone.Build.0 = Debug|Any CPU
		{AA6C15E1-74DD-463F-9ECD-90372D2C80AB}.Debug|iPhoneSimulator.ActiveCfg = Debug|Any CPU
		{AA6C15E1-74DD-463F-9ECD-90372D2C80AB}.Debug|iPhoneSimulator.Build.0 = Debug|Any CPU
		{AA6C15E1-74DD-463F-9ECD-90372D2C80AB}.Debug|x64.ActiveCfg = Debug|Any CPU
		{AA6C15E1-74DD-463F-9ECD-90372D2C80AB}.Debug|x64.Build.0 = Debug|Any CPU
		{AA6C15E1-74DD-463F-9ECD-90372D2C80AB}.Debug|x86.ActiveCfg = Debug|Any CPU
		{AA6C15E1-74DD-463F-9ECD-90372D2C80AB}.Debug|x86.Build.0 = Debug|Any CPU
		{AA6C15E1-74DD-463F-9ECD-90372D2C80AB}.Release|Any CPU.ActiveCfg = Release|Any CPU
		{AA6C15E1-74DD-463F-9ECD-90372D2C80AB}.Release|Any CPU.Build.0 = Release|Any CPU
		{AA6C15E1-74DD-463F-9ECD-90372D2C80AB}.Release|ARM.ActiveCfg = Release|Any CPU
		{AA6C15E1-74DD-463F-9ECD-90372D2C80AB}.Release|ARM.Build.0 = Release|Any CPU
		{AA6C15E1-74DD-463F-9ECD-90372D2C80AB}.Release|iPhone.ActiveCfg = Release|Any CPU
		{AA6C15E1-74DD-463F-9ECD-90372D2C80AB}.Release|iPhone.Build.0 = Release|Any CPU
		{AA6C15E1-74DD-463F-9ECD-90372D2C80AB}.Release|iPhoneSimulator.ActiveCfg = Release|Any CPU
		{AA6C15E1-74DD-463F-9ECD-90372D2C80AB}.Release|iPhoneSimulator.Build.0 = Release|Any CPU
		{AA6C15E1-74DD-463F-9ECD-90372D2C80AB}.Release|x64.ActiveCfg = Release|Any CPU
		{AA6C15E1-74DD-463F-9ECD-90372D2C80AB}.Release|x64.Build.0 = Release|Any CPU
		{AA6C15E1-74DD-463F-9ECD-90372D2C80AB}.Release|x86.ActiveCfg = Release|Any CPU
		{AA6C15E1-74DD-463F-9ECD-90372D2C80AB}.Release|x86.Build.0 = Release|Any CPU
		{79ACA4F8-9C88-4E2C-8CAA-84067C8758AC}.Ad-Hoc|Any CPU.ActiveCfg = Release|x86
		{79ACA4F8-9C88-4E2C-8CAA-84067C8758AC}.Ad-Hoc|Any CPU.Build.0 = Release|x86
		{79ACA4F8-9C88-4E2C-8CAA-84067C8758AC}.Ad-Hoc|Any CPU.Deploy.0 = Release|x86
		{79ACA4F8-9C88-4E2C-8CAA-84067C8758AC}.Ad-Hoc|ARM.ActiveCfg = Release|ARM
		{79ACA4F8-9C88-4E2C-8CAA-84067C8758AC}.Ad-Hoc|ARM.Build.0 = Release|ARM
		{79ACA4F8-9C88-4E2C-8CAA-84067C8758AC}.Ad-Hoc|ARM.Deploy.0 = Release|ARM
		{79ACA4F8-9C88-4E2C-8CAA-84067C8758AC}.Ad-Hoc|iPhone.ActiveCfg = Release|x86
		{79ACA4F8-9C88-4E2C-8CAA-84067C8758AC}.Ad-Hoc|iPhone.Build.0 = Release|x86
		{79ACA4F8-9C88-4E2C-8CAA-84067C8758AC}.Ad-Hoc|iPhone.Deploy.0 = Release|x86
		{79ACA4F8-9C88-4E2C-8CAA-84067C8758AC}.Ad-Hoc|iPhoneSimulator.ActiveCfg = Release|x86
		{79ACA4F8-9C88-4E2C-8CAA-84067C8758AC}.Ad-Hoc|iPhoneSimulator.Build.0 = Release|x86
		{79ACA4F8-9C88-4E2C-8CAA-84067C8758AC}.Ad-Hoc|iPhoneSimulator.Deploy.0 = Release|x86
		{79ACA4F8-9C88-4E2C-8CAA-84067C8758AC}.Ad-Hoc|x64.ActiveCfg = Release|x64
		{79ACA4F8-9C88-4E2C-8CAA-84067C8758AC}.Ad-Hoc|x64.Build.0 = Release|x64
		{79ACA4F8-9C88-4E2C-8CAA-84067C8758AC}.Ad-Hoc|x64.Deploy.0 = Release|x64
		{79ACA4F8-9C88-4E2C-8CAA-84067C8758AC}.Ad-Hoc|x86.ActiveCfg = Release|x86
		{79ACA4F8-9C88-4E2C-8CAA-84067C8758AC}.Ad-Hoc|x86.Build.0 = Release|x86
		{79ACA4F8-9C88-4E2C-8CAA-84067C8758AC}.Ad-Hoc|x86.Deploy.0 = Release|x86
		{79ACA4F8-9C88-4E2C-8CAA-84067C8758AC}.AppStore|Any CPU.ActiveCfg = Release|x86
		{79ACA4F8-9C88-4E2C-8CAA-84067C8758AC}.AppStore|Any CPU.Build.0 = Release|x86
		{79ACA4F8-9C88-4E2C-8CAA-84067C8758AC}.AppStore|Any CPU.Deploy.0 = Release|x86
		{79ACA4F8-9C88-4E2C-8CAA-84067C8758AC}.AppStore|ARM.ActiveCfg = Release|ARM
		{79ACA4F8-9C88-4E2C-8CAA-84067C8758AC}.AppStore|ARM.Build.0 = Release|ARM
		{79ACA4F8-9C88-4E2C-8CAA-84067C8758AC}.AppStore|ARM.Deploy.0 = Release|ARM
		{79ACA4F8-9C88-4E2C-8CAA-84067C8758AC}.AppStore|iPhone.ActiveCfg = Release|x86
		{79ACA4F8-9C88-4E2C-8CAA-84067C8758AC}.AppStore|iPhone.Build.0 = Release|x86
		{79ACA4F8-9C88-4E2C-8CAA-84067C8758AC}.AppStore|iPhone.Deploy.0 = Release|x86
		{79ACA4F8-9C88-4E2C-8CAA-84067C8758AC}.AppStore|iPhoneSimulator.ActiveCfg = Release|x86
		{79ACA4F8-9C88-4E2C-8CAA-84067C8758AC}.AppStore|iPhoneSimulator.Build.0 = Release|x86
		{79ACA4F8-9C88-4E2C-8CAA-84067C8758AC}.AppStore|iPhoneSimulator.Deploy.0 = Release|x86
		{79ACA4F8-9C88-4E2C-8CAA-84067C8758AC}.AppStore|x64.ActiveCfg = Release|x64
		{79ACA4F8-9C88-4E2C-8CAA-84067C8758AC}.AppStore|x64.Build.0 = Release|x64
		{79ACA4F8-9C88-4E2C-8CAA-84067C8758AC}.AppStore|x64.Deploy.0 = Release|x64
		{79ACA4F8-9C88-4E2C-8CAA-84067C8758AC}.AppStore|x86.ActiveCfg = Release|x86
		{79ACA4F8-9C88-4E2C-8CAA-84067C8758AC}.AppStore|x86.Build.0 = Release|x86
		{79ACA4F8-9C88-4E2C-8CAA-84067C8758AC}.AppStore|x86.Deploy.0 = Release|x86
		{79ACA4F8-9C88-4E2C-8CAA-84067C8758AC}.Debug|Any CPU.ActiveCfg = Debug|x86
		{79ACA4F8-9C88-4E2C-8CAA-84067C8758AC}.Debug|ARM.ActiveCfg = Debug|ARM
		{79ACA4F8-9C88-4E2C-8CAA-84067C8758AC}.Debug|ARM.Build.0 = Debug|ARM
		{79ACA4F8-9C88-4E2C-8CAA-84067C8758AC}.Debug|ARM.Deploy.0 = Debug|ARM
		{79ACA4F8-9C88-4E2C-8CAA-84067C8758AC}.Debug|iPhone.ActiveCfg = Debug|x86
		{79ACA4F8-9C88-4E2C-8CAA-84067C8758AC}.Debug|iPhoneSimulator.ActiveCfg = Debug|x86
		{79ACA4F8-9C88-4E2C-8CAA-84067C8758AC}.Debug|x64.ActiveCfg = Debug|x64
		{79ACA4F8-9C88-4E2C-8CAA-84067C8758AC}.Debug|x64.Build.0 = Debug|x64
		{79ACA4F8-9C88-4E2C-8CAA-84067C8758AC}.Debug|x64.Deploy.0 = Debug|x64
		{79ACA4F8-9C88-4E2C-8CAA-84067C8758AC}.Debug|x86.ActiveCfg = Debug|x86
		{79ACA4F8-9C88-4E2C-8CAA-84067C8758AC}.Debug|x86.Build.0 = Debug|x86
		{79ACA4F8-9C88-4E2C-8CAA-84067C8758AC}.Debug|x86.Deploy.0 = Debug|x86
		{79ACA4F8-9C88-4E2C-8CAA-84067C8758AC}.Release|Any CPU.ActiveCfg = Release|x86
		{79ACA4F8-9C88-4E2C-8CAA-84067C8758AC}.Release|ARM.ActiveCfg = Release|ARM
		{79ACA4F8-9C88-4E2C-8CAA-84067C8758AC}.Release|ARM.Build.0 = Release|ARM
		{79ACA4F8-9C88-4E2C-8CAA-84067C8758AC}.Release|ARM.Deploy.0 = Release|ARM
		{79ACA4F8-9C88-4E2C-8CAA-84067C8758AC}.Release|iPhone.ActiveCfg = Release|x86
		{79ACA4F8-9C88-4E2C-8CAA-84067C8758AC}.Release|iPhoneSimulator.ActiveCfg = Release|x86
		{79ACA4F8-9C88-4E2C-8CAA-84067C8758AC}.Release|x64.ActiveCfg = Release|x64
		{79ACA4F8-9C88-4E2C-8CAA-84067C8758AC}.Release|x64.Build.0 = Release|x64
		{79ACA4F8-9C88-4E2C-8CAA-84067C8758AC}.Release|x64.Deploy.0 = Release|x64
		{79ACA4F8-9C88-4E2C-8CAA-84067C8758AC}.Release|x86.ActiveCfg = Release|x86
		{79ACA4F8-9C88-4E2C-8CAA-84067C8758AC}.Release|x86.Build.0 = Release|x86
		{79ACA4F8-9C88-4E2C-8CAA-84067C8758AC}.Release|x86.Deploy.0 = Release|x86
		{DE19AC1B-3FF0-4AF6-B24D-A3868454ECC4}.Ad-Hoc|Any CPU.ActiveCfg = Release|Any CPU
		{DE19AC1B-3FF0-4AF6-B24D-A3868454ECC4}.Ad-Hoc|Any CPU.Build.0 = Release|Any CPU
		{DE19AC1B-3FF0-4AF6-B24D-A3868454ECC4}.Ad-Hoc|ARM.ActiveCfg = Release|Any CPU
		{DE19AC1B-3FF0-4AF6-B24D-A3868454ECC4}.Ad-Hoc|ARM.Build.0 = Release|Any CPU
		{DE19AC1B-3FF0-4AF6-B24D-A3868454ECC4}.Ad-Hoc|iPhone.ActiveCfg = Release|Any CPU
		{DE19AC1B-3FF0-4AF6-B24D-A3868454ECC4}.Ad-Hoc|iPhone.Build.0 = Release|Any CPU
		{DE19AC1B-3FF0-4AF6-B24D-A3868454ECC4}.Ad-Hoc|iPhoneSimulator.ActiveCfg = Release|Any CPU
		{DE19AC1B-3FF0-4AF6-B24D-A3868454ECC4}.Ad-Hoc|iPhoneSimulator.Build.0 = Release|Any CPU
		{DE19AC1B-3FF0-4AF6-B24D-A3868454ECC4}.Ad-Hoc|x64.ActiveCfg = Release|Any CPU
		{DE19AC1B-3FF0-4AF6-B24D-A3868454ECC4}.Ad-Hoc|x64.Build.0 = Release|Any CPU
		{DE19AC1B-3FF0-4AF6-B24D-A3868454ECC4}.Ad-Hoc|x86.ActiveCfg = Release|Any CPU
		{DE19AC1B-3FF0-4AF6-B24D-A3868454ECC4}.Ad-Hoc|x86.Build.0 = Release|Any CPU
		{DE19AC1B-3FF0-4AF6-B24D-A3868454ECC4}.AppStore|Any CPU.ActiveCfg = Release|Any CPU
		{DE19AC1B-3FF0-4AF6-B24D-A3868454ECC4}.AppStore|Any CPU.Build.0 = Release|Any CPU
		{DE19AC1B-3FF0-4AF6-B24D-A3868454ECC4}.AppStore|ARM.ActiveCfg = Release|Any CPU
		{DE19AC1B-3FF0-4AF6-B24D-A3868454ECC4}.AppStore|ARM.Build.0 = Release|Any CPU
		{DE19AC1B-3FF0-4AF6-B24D-A3868454ECC4}.AppStore|iPhone.ActiveCfg = Release|Any CPU
		{DE19AC1B-3FF0-4AF6-B24D-A3868454ECC4}.AppStore|iPhone.Build.0 = Release|Any CPU
		{DE19AC1B-3FF0-4AF6-B24D-A3868454ECC4}.AppStore|iPhoneSimulator.ActiveCfg = Release|Any CPU
		{DE19AC1B-3FF0-4AF6-B24D-A3868454ECC4}.AppStore|iPhoneSimulator.Build.0 = Release|Any CPU
		{DE19AC1B-3FF0-4AF6-B24D-A3868454ECC4}.AppStore|x64.ActiveCfg = Release|Any CPU
		{DE19AC1B-3FF0-4AF6-B24D-A3868454ECC4}.AppStore|x64.Build.0 = Release|Any CPU
		{DE19AC1B-3FF0-4AF6-B24D-A3868454ECC4}.AppStore|x86.ActiveCfg = Release|Any CPU
		{DE19AC1B-3FF0-4AF6-B24D-A3868454ECC4}.AppStore|x86.Build.0 = Release|Any CPU
		{DE19AC1B-3FF0-4AF6-B24D-A3868454ECC4}.Debug|Any CPU.ActiveCfg = Debug|Any CPU
		{DE19AC1B-3FF0-4AF6-B24D-A3868454ECC4}.Debug|Any CPU.Build.0 = Debug|Any CPU
		{DE19AC1B-3FF0-4AF6-B24D-A3868454ECC4}.Debug|ARM.ActiveCfg = Debug|Any CPU
		{DE19AC1B-3FF0-4AF6-B24D-A3868454ECC4}.Debug|ARM.Build.0 = Debug|Any CPU
		{DE19AC1B-3FF0-4AF6-B24D-A3868454ECC4}.Debug|iPhone.ActiveCfg = Debug|Any CPU
		{DE19AC1B-3FF0-4AF6-B24D-A3868454ECC4}.Debug|iPhone.Build.0 = Debug|Any CPU
		{DE19AC1B-3FF0-4AF6-B24D-A3868454ECC4}.Debug|iPhoneSimulator.ActiveCfg = Debug|Any CPU
		{DE19AC1B-3FF0-4AF6-B24D-A3868454ECC4}.Debug|iPhoneSimulator.Build.0 = Debug|Any CPU
		{DE19AC1B-3FF0-4AF6-B24D-A3868454ECC4}.Debug|x64.ActiveCfg = Debug|Any CPU
		{DE19AC1B-3FF0-4AF6-B24D-A3868454ECC4}.Debug|x64.Build.0 = Debug|Any CPU
		{DE19AC1B-3FF0-4AF6-B24D-A3868454ECC4}.Debug|x86.ActiveCfg = Debug|Any CPU
		{DE19AC1B-3FF0-4AF6-B24D-A3868454ECC4}.Debug|x86.Build.0 = Debug|Any CPU
		{DE19AC1B-3FF0-4AF6-B24D-A3868454ECC4}.Release|Any CPU.ActiveCfg = Release|Any CPU
		{DE19AC1B-3FF0-4AF6-B24D-A3868454ECC4}.Release|Any CPU.Build.0 = Release|Any CPU
		{DE19AC1B-3FF0-4AF6-B24D-A3868454ECC4}.Release|ARM.ActiveCfg = Release|Any CPU
		{DE19AC1B-3FF0-4AF6-B24D-A3868454ECC4}.Release|ARM.Build.0 = Release|Any CPU
		{DE19AC1B-3FF0-4AF6-B24D-A3868454ECC4}.Release|iPhone.ActiveCfg = Release|Any CPU
		{DE19AC1B-3FF0-4AF6-B24D-A3868454ECC4}.Release|iPhone.Build.0 = Release|Any CPU
		{DE19AC1B-3FF0-4AF6-B24D-A3868454ECC4}.Release|iPhoneSimulator.ActiveCfg = Release|Any CPU
		{DE19AC1B-3FF0-4AF6-B24D-A3868454ECC4}.Release|iPhoneSimulator.Build.0 = Release|Any CPU
		{DE19AC1B-3FF0-4AF6-B24D-A3868454ECC4}.Release|x64.ActiveCfg = Release|Any CPU
		{DE19AC1B-3FF0-4AF6-B24D-A3868454ECC4}.Release|x64.Build.0 = Release|Any CPU
		{DE19AC1B-3FF0-4AF6-B24D-A3868454ECC4}.Release|x86.ActiveCfg = Release|Any CPU
		{DE19AC1B-3FF0-4AF6-B24D-A3868454ECC4}.Release|x86.Build.0 = Release|Any CPU
		{596322BD-C02F-4995-8826-807A6B724A8D}.Ad-Hoc|Any CPU.ActiveCfg = Release|Any CPU
		{596322BD-C02F-4995-8826-807A6B724A8D}.Ad-Hoc|Any CPU.Build.0 = Release|Any CPU
		{596322BD-C02F-4995-8826-807A6B724A8D}.Ad-Hoc|ARM.ActiveCfg = Release|Any CPU
		{596322BD-C02F-4995-8826-807A6B724A8D}.Ad-Hoc|ARM.Build.0 = Release|Any CPU
		{596322BD-C02F-4995-8826-807A6B724A8D}.Ad-Hoc|iPhone.ActiveCfg = Release|Any CPU
		{596322BD-C02F-4995-8826-807A6B724A8D}.Ad-Hoc|iPhone.Build.0 = Release|Any CPU
		{596322BD-C02F-4995-8826-807A6B724A8D}.Ad-Hoc|iPhoneSimulator.ActiveCfg = Release|Any CPU
		{596322BD-C02F-4995-8826-807A6B724A8D}.Ad-Hoc|iPhoneSimulator.Build.0 = Release|Any CPU
		{596322BD-C02F-4995-8826-807A6B724A8D}.Ad-Hoc|x64.ActiveCfg = Release|Any CPU
		{596322BD-C02F-4995-8826-807A6B724A8D}.Ad-Hoc|x64.Build.0 = Release|Any CPU
		{596322BD-C02F-4995-8826-807A6B724A8D}.Ad-Hoc|x86.ActiveCfg = Release|Any CPU
		{596322BD-C02F-4995-8826-807A6B724A8D}.Ad-Hoc|x86.Build.0 = Release|Any CPU
		{596322BD-C02F-4995-8826-807A6B724A8D}.AppStore|Any CPU.ActiveCfg = Release|Any CPU
		{596322BD-C02F-4995-8826-807A6B724A8D}.AppStore|Any CPU.Build.0 = Release|Any CPU
		{596322BD-C02F-4995-8826-807A6B724A8D}.AppStore|ARM.ActiveCfg = Release|Any CPU
		{596322BD-C02F-4995-8826-807A6B724A8D}.AppStore|ARM.Build.0 = Release|Any CPU
		{596322BD-C02F-4995-8826-807A6B724A8D}.AppStore|iPhone.ActiveCfg = Release|Any CPU
		{596322BD-C02F-4995-8826-807A6B724A8D}.AppStore|iPhone.Build.0 = Release|Any CPU
		{596322BD-C02F-4995-8826-807A6B724A8D}.AppStore|iPhoneSimulator.ActiveCfg = Release|Any CPU
		{596322BD-C02F-4995-8826-807A6B724A8D}.AppStore|iPhoneSimulator.Build.0 = Release|Any CPU
		{596322BD-C02F-4995-8826-807A6B724A8D}.AppStore|x64.ActiveCfg = Release|Any CPU
		{596322BD-C02F-4995-8826-807A6B724A8D}.AppStore|x64.Build.0 = Release|Any CPU
		{596322BD-C02F-4995-8826-807A6B724A8D}.AppStore|x86.ActiveCfg = Release|Any CPU
		{596322BD-C02F-4995-8826-807A6B724A8D}.AppStore|x86.Build.0 = Release|Any CPU
		{596322BD-C02F-4995-8826-807A6B724A8D}.Debug|Any CPU.ActiveCfg = Debug|Any CPU
		{596322BD-C02F-4995-8826-807A6B724A8D}.Debug|Any CPU.Build.0 = Debug|Any CPU
		{596322BD-C02F-4995-8826-807A6B724A8D}.Debug|ARM.ActiveCfg = Debug|Any CPU
		{596322BD-C02F-4995-8826-807A6B724A8D}.Debug|ARM.Build.0 = Debug|Any CPU
		{596322BD-C02F-4995-8826-807A6B724A8D}.Debug|iPhone.ActiveCfg = Debug|Any CPU
		{596322BD-C02F-4995-8826-807A6B724A8D}.Debug|iPhone.Build.0 = Debug|Any CPU
		{596322BD-C02F-4995-8826-807A6B724A8D}.Debug|iPhoneSimulator.ActiveCfg = Debug|Any CPU
		{596322BD-C02F-4995-8826-807A6B724A8D}.Debug|iPhoneSimulator.Build.0 = Debug|Any CPU
		{596322BD-C02F-4995-8826-807A6B724A8D}.Debug|x64.ActiveCfg = Debug|Any CPU
		{596322BD-C02F-4995-8826-807A6B724A8D}.Debug|x64.Build.0 = Debug|Any CPU
		{596322BD-C02F-4995-8826-807A6B724A8D}.Debug|x86.ActiveCfg = Debug|Any CPU
		{596322BD-C02F-4995-8826-807A6B724A8D}.Debug|x86.Build.0 = Debug|Any CPU
		{596322BD-C02F-4995-8826-807A6B724A8D}.Release|Any CPU.ActiveCfg = Release|Any CPU
		{596322BD-C02F-4995-8826-807A6B724A8D}.Release|Any CPU.Build.0 = Release|Any CPU
		{596322BD-C02F-4995-8826-807A6B724A8D}.Release|ARM.ActiveCfg = Release|Any CPU
		{596322BD-C02F-4995-8826-807A6B724A8D}.Release|ARM.Build.0 = Release|Any CPU
		{596322BD-C02F-4995-8826-807A6B724A8D}.Release|iPhone.ActiveCfg = Release|Any CPU
		{596322BD-C02F-4995-8826-807A6B724A8D}.Release|iPhone.Build.0 = Release|Any CPU
		{596322BD-C02F-4995-8826-807A6B724A8D}.Release|iPhoneSimulator.ActiveCfg = Release|Any CPU
		{596322BD-C02F-4995-8826-807A6B724A8D}.Release|iPhoneSimulator.Build.0 = Release|Any CPU
		{596322BD-C02F-4995-8826-807A6B724A8D}.Release|x64.ActiveCfg = Release|Any CPU
		{596322BD-C02F-4995-8826-807A6B724A8D}.Release|x64.Build.0 = Release|Any CPU
		{596322BD-C02F-4995-8826-807A6B724A8D}.Release|x86.ActiveCfg = Release|Any CPU
		{596322BD-C02F-4995-8826-807A6B724A8D}.Release|x86.Build.0 = Release|Any CPU
		{7783D486-27E8-435C-AA7B-C2A18C9887F6}.Ad-Hoc|Any CPU.ActiveCfg = Release|Any CPU
		{7783D486-27E8-435C-AA7B-C2A18C9887F6}.Ad-Hoc|Any CPU.Build.0 = Release|Any CPU
		{7783D486-27E8-435C-AA7B-C2A18C9887F6}.Ad-Hoc|ARM.ActiveCfg = Release|Any CPU
		{7783D486-27E8-435C-AA7B-C2A18C9887F6}.Ad-Hoc|ARM.Build.0 = Release|Any CPU
		{7783D486-27E8-435C-AA7B-C2A18C9887F6}.Ad-Hoc|iPhone.ActiveCfg = Release|Any CPU
		{7783D486-27E8-435C-AA7B-C2A18C9887F6}.Ad-Hoc|iPhone.Build.0 = Release|Any CPU
		{7783D486-27E8-435C-AA7B-C2A18C9887F6}.Ad-Hoc|iPhoneSimulator.ActiveCfg = Release|Any CPU
		{7783D486-27E8-435C-AA7B-C2A18C9887F6}.Ad-Hoc|iPhoneSimulator.Build.0 = Release|Any CPU
		{7783D486-27E8-435C-AA7B-C2A18C9887F6}.Ad-Hoc|x64.ActiveCfg = Release|Any CPU
		{7783D486-27E8-435C-AA7B-C2A18C9887F6}.Ad-Hoc|x64.Build.0 = Release|Any CPU
		{7783D486-27E8-435C-AA7B-C2A18C9887F6}.Ad-Hoc|x86.ActiveCfg = Release|Any CPU
		{7783D486-27E8-435C-AA7B-C2A18C9887F6}.Ad-Hoc|x86.Build.0 = Release|Any CPU
		{7783D486-27E8-435C-AA7B-C2A18C9887F6}.AppStore|Any CPU.ActiveCfg = Release|Any CPU
		{7783D486-27E8-435C-AA7B-C2A18C9887F6}.AppStore|Any CPU.Build.0 = Release|Any CPU
		{7783D486-27E8-435C-AA7B-C2A18C9887F6}.AppStore|ARM.ActiveCfg = Release|Any CPU
		{7783D486-27E8-435C-AA7B-C2A18C9887F6}.AppStore|ARM.Build.0 = Release|Any CPU
		{7783D486-27E8-435C-AA7B-C2A18C9887F6}.AppStore|iPhone.ActiveCfg = Release|Any CPU
		{7783D486-27E8-435C-AA7B-C2A18C9887F6}.AppStore|iPhone.Build.0 = Release|Any CPU
		{7783D486-27E8-435C-AA7B-C2A18C9887F6}.AppStore|iPhoneSimulator.ActiveCfg = Release|Any CPU
		{7783D486-27E8-435C-AA7B-C2A18C9887F6}.AppStore|iPhoneSimulator.Build.0 = Release|Any CPU
		{7783D486-27E8-435C-AA7B-C2A18C9887F6}.AppStore|x64.ActiveCfg = Release|Any CPU
		{7783D486-27E8-435C-AA7B-C2A18C9887F6}.AppStore|x64.Build.0 = Release|Any CPU
		{7783D486-27E8-435C-AA7B-C2A18C9887F6}.AppStore|x86.ActiveCfg = Release|Any CPU
		{7783D486-27E8-435C-AA7B-C2A18C9887F6}.AppStore|x86.Build.0 = Release|Any CPU
		{7783D486-27E8-435C-AA7B-C2A18C9887F6}.Debug|Any CPU.ActiveCfg = Debug|Any CPU
		{7783D486-27E8-435C-AA7B-C2A18C9887F6}.Debug|Any CPU.Build.0 = Debug|Any CPU
		{7783D486-27E8-435C-AA7B-C2A18C9887F6}.Debug|ARM.ActiveCfg = Debug|Any CPU
		{7783D486-27E8-435C-AA7B-C2A18C9887F6}.Debug|ARM.Build.0 = Debug|Any CPU
		{7783D486-27E8-435C-AA7B-C2A18C9887F6}.Debug|iPhone.ActiveCfg = Debug|Any CPU
		{7783D486-27E8-435C-AA7B-C2A18C9887F6}.Debug|iPhone.Build.0 = Debug|Any CPU
		{7783D486-27E8-435C-AA7B-C2A18C9887F6}.Debug|iPhoneSimulator.ActiveCfg = Debug|Any CPU
		{7783D486-27E8-435C-AA7B-C2A18C9887F6}.Debug|iPhoneSimulator.Build.0 = Debug|Any CPU
		{7783D486-27E8-435C-AA7B-C2A18C9887F6}.Debug|x64.ActiveCfg = Debug|Any CPU
		{7783D486-27E8-435C-AA7B-C2A18C9887F6}.Debug|x64.Build.0 = Debug|Any CPU
		{7783D486-27E8-435C-AA7B-C2A18C9887F6}.Debug|x86.ActiveCfg = Debug|Any CPU
		{7783D486-27E8-435C-AA7B-C2A18C9887F6}.Debug|x86.Build.0 = Debug|Any CPU
		{7783D486-27E8-435C-AA7B-C2A18C9887F6}.Release|Any CPU.ActiveCfg = Release|Any CPU
		{7783D486-27E8-435C-AA7B-C2A18C9887F6}.Release|Any CPU.Build.0 = Release|Any CPU
		{7783D486-27E8-435C-AA7B-C2A18C9887F6}.Release|ARM.ActiveCfg = Release|Any CPU
		{7783D486-27E8-435C-AA7B-C2A18C9887F6}.Release|ARM.Build.0 = Release|Any CPU
		{7783D486-27E8-435C-AA7B-C2A18C9887F6}.Release|iPhone.ActiveCfg = Release|Any CPU
		{7783D486-27E8-435C-AA7B-C2A18C9887F6}.Release|iPhone.Build.0 = Release|Any CPU
		{7783D486-27E8-435C-AA7B-C2A18C9887F6}.Release|iPhoneSimulator.ActiveCfg = Release|Any CPU
		{7783D486-27E8-435C-AA7B-C2A18C9887F6}.Release|iPhoneSimulator.Build.0 = Release|Any CPU
		{7783D486-27E8-435C-AA7B-C2A18C9887F6}.Release|x64.ActiveCfg = Release|Any CPU
		{7783D486-27E8-435C-AA7B-C2A18C9887F6}.Release|x64.Build.0 = Release|Any CPU
		{7783D486-27E8-435C-AA7B-C2A18C9887F6}.Release|x86.ActiveCfg = Release|Any CPU
		{7783D486-27E8-435C-AA7B-C2A18C9887F6}.Release|x86.Build.0 = Release|Any CPU
	EndGlobalSection
	GlobalSection(SolutionProperties) = preSolution
		HideSolutionNode = FALSE
	EndGlobalSection
	GlobalSection(ExtensibilityGlobals) = postSolution
		SolutionGuid = {F6D05029-56B8-4E45-AF2D-0E76295DDBA2}
	EndGlobalSection
	GlobalSection(NestedProjects) = preSolution
		{AA6C15E1-74DD-463F-9ECD-90372D2C80AB} = {40AF0CB3-7BB3-44A3-BFC6-8535CC8E71C0}
		{DE19AC1B-3FF0-4AF6-B24D-A3868454ECC4} = {40AF0CB3-7BB3-44A3-BFC6-8535CC8E71C0}
	EndGlobalSection
EndGlobal
