<Solution>
  <Configurations>
    <BuildType Name="Ad-Hoc" />
    <BuildType Name="AppStore" />
    <BuildType Name="Debug" />
    <BuildType Name="Release" />
    <Platform Name="Any CPU" />
    <Platform Name="ARM" />
    <Platform Name="iPhone" />
    <Platform Name="iPhoneSimulator" />
    <Platform Name="x64" />
    <Platform Name="x86" />
  </Configurations>
  <Folder Name="/Solution Items/">
    <File Path="build.fsx" />
    <File Path="global.json" />
  </Folder>
  <Folder Name="/src/">
    <Project Path="src/MinMe.Avalonia/MinMe.Avalonia.csproj">
      <BuildType Solution="Ad-Hoc|*" Project="Release" />
      <BuildType Solution="AppStore|*" Project="Release" />
    </Project>
    <Project Path="src/MinMe/MinMe.csproj">
      <BuildType Solution="Ad-Hoc|*" Project="Release" />
      <BuildType Solution="AppStore|*" Project="Release" />
    </Project>
  </Folder>
  <Folder Name="/tests/">
    <Project Path="tests/MinMe.Tests/MinMe.Tests.csproj">
      <BuildType Solution="Ad-Hoc|*" Project="Debug" />
      <BuildType Solution="AppStore|*" Project="Debug" />
    </Project>
  </Folder>
</Solution>
